
Microsoft Visual Studio Solution File, Format Version 12.00
# Visual Studio Version 16
VisualStudioVersion = 25.0.1705.0
MinimumVisualStudioVersion = 10.0.40219.1
Project("{FAE04EC0-301F-11D3-BF4B-00C04F79EFBC}") = "BlazeWind.Core", "BlazeWind.Core\BlazeWind.Core.csproj", "{32004EC5-D969-4DB0-8D70-C7DA64B452F9}"
EndProject
Global
	GlobalSection(SolutionConfigurationPlatforms) = preSolution
		Debug|Any CPU = Debug|Any CPU
		Release|Any CPU = Release|Any CPU
	EndGlobalSection
	GlobalSection(ProjectConfigurationPlatforms) = postSolution
		{32004EC5-D969-4DB0-8D70-C7DA64B452F9}.Debug|Any CPU.ActiveCfg = Debug|Any CPU
		{32004EC5-D969-4DB0-8D70-C7DA64B452F9}.Debug|Any CPU.Build.0 = Debug|Any CPU
		{32004EC5-D969-4DB0-8D70-C7DA64B452F9}.Release|Any CPU.ActiveCfg = Release|Any CPU
		{32004EC5-D969-4DB0-8D70-C7DA64B452F9}.Release|Any CPU.Build.0 = Release|Any CPU
	EndGlobalSection
	GlobalSection(SolutionProperties) = preSolution
		HideSolutionNode = FALSE
	EndGlobalSection
	GlobalSection(ExtensibilityGlobals) = postSolution
		SolutionGuid = {CF1A8C5D-29C8-488F-8FAF-18DE1AA167B8}
	EndGlobalSection
EndGlobal
